{
  "name": "Taller-NPM",
  "lockfileVersion": 3,
  "requires": true,
  "packages": {
    "": {
      "dependencies": {
        "ncrypt-js": "^2.1.2"
      }
    },
    "node_modules/ncrypt-js": {
      "version": "2.1.2",
      "resolved": "https://registry.npmjs.org/ncrypt-js/-/ncrypt-js-2.1.2.tgz",
      "integrity": "sha512-/rp7ybVMLA7Bjo+/aUN22m+JGNgW9AQcG9vQ/0rUIVUku1CojXRuSSRJG19oFDghSvqFMJtRQd09Oy4n4vYrLA==",
      "license": "MIT"
    }
  }
}
